// !$*UTF8*$!
{
	archiveVersion = 1;
	classes = {
	};
	objectVersion = 48;
	objects = {

/* Begin PBXBuildFile section */
		7584A29B1FA7C03500A83812 /* WMAlertController.framework in Frameworks */ = {isa = PBXBuildFile; fileRef = 7584A2911FA7C03400A83812 /* WMAlertController.framework */; };
		7584A2A01FA7C03500A83812 /* Tests.swift in Sources */ = {isa = PBXBuildFile; fileRef = 7584A29F1FA7C03500A83812 /* Tests.swift */; };
		7584A2B01FA7C16E00A83812 /* WMAlertController.swift in Sources */ = {isa = PBXBuildFile; fileRef = 7584A2AB1FA7C16E00A83812 /* WMAlertController.swift */; };
		7584A2B11FA7C16E00A83812 /* WMAlertAction.swift in Sources */ = {isa = PBXBuildFile; fileRef = 7584A2AC1FA7C16E00A83812 /* WMAlertAction.swift */; };
		7584A2B21FA7C16E00A83812 /* WMAlertStyle.swift in Sources */ = {isa = PBXBuildFile; fileRef = 7584A2AD1FA7C16E00A83812 /* WMAlertStyle.swift */; };
		7584A2B41FA7C16E00A83812 /* WMAlertIconStyleKit.swift in Sources */ = {isa = PBXBuildFile; fileRef = 7584A2AF1FA7C16E00A83812 /* WMAlertIconStyleKit.swift */; };
		7584A2B61FA7C21500A83812 /* RoundView.swift in Sources */ = {isa = PBXBuildFile; fileRef = 7584A2B51FA7C21500A83812 /* RoundView.swift */; };
		7584A2B81FA7C25500A83812 /* StackedView.swift in Sources */ = {isa = PBXBuildFile; fileRef = 7584A2B71FA7C25500A83812 /* StackedView.swift */; };
		7584A2BA1FA7C27A00A83812 /* LoadingView.swift in Sources */ = {isa = PBXBuildFile; fileRef = 7584A2B91FA7C27900A83812 /* LoadingView.swift */; };
		7584A2BC1FA7C2A100A83812 /* LoadingView.xib in Resources */ = {isa = PBXBuildFile; fileRef = 7584A2BB1FA7C2A100A83812 /* LoadingView.xib */; };
		7584A2BE1FA7C31500A83812 /* UIView+Utils.swift in Sources */ = {isa = PBXBuildFile; fileRef = 7584A2BD1FA7C31500A83812 /* UIView+Utils.swift */; };
		7584A2C01FA7C39F00A83812 /* DesignableView.swift in Sources */ = {isa = PBXBuildFile; fileRef = 7584A2BF1FA7C39E00A83812 /* DesignableView.swift */; };
		7584A2C21FA7C3E200A83812 /* RoundButton.swift in Sources */ = {isa = PBXBuildFile; fileRef = 7584A2C11FA7C3E200A83812 /* RoundButton.swift */; };
		7584A2C41FA7C41500A83812 /* Colors.swift in Sources */ = {isa = PBXBuildFile; fileRef = 7584A2C31FA7C41500A83812 /* Colors.swift */; };
		7584A2C61FA7C48E00A83812 /* Fonts.swift in Sources */ = {isa = PBXBuildFile; fileRef = 7584A2C51FA7C48E00A83812 /* Fonts.swift */; };
		75A0E7691FAA6A8F004757B5 /* StackedViewTests.swift in Sources */ = {isa = PBXBuildFile; fileRef = 75A0E7681FAA6A8F004757B5 /* StackedViewTests.swift */; };
/* End PBXBuildFile section */

/* Begin PBXContainerItemProxy section */
		7584A29C1FA7C03500A83812 /* PBXContainerItemProxy */ = {
			isa = PBXContainerItemProxy;
			containerPortal = 7584A2881FA7C03400A83812 /* Project object */;
			proxyType = 1;
			remoteGlobalIDString = 7584A2901FA7C03400A83812;
			remoteInfo = WMAlertController;
		};
/* End PBXContainerItemProxy section */

/* Begin PBXFileReference section */
		7584A2911FA7C03400A83812 /* WMAlertController.framework */ = {isa = PBXFileReference; explicitFileType = wrapper.framework; includeInIndex = 0; path = WMAlertController.framework; sourceTree = BUILT_PRODUCTS_DIR; };
		7584A2951FA7C03400A83812 /* Info.plist */ = {isa = PBXFileReference; lastKnownFileType = text.plist.xml; path = Info.plist; sourceTree = "<group>"; };
		7584A29A1FA7C03500A83812 /* WMAlertControllerTests.xctest */ = {isa = PBXFileReference; explicitFileType = wrapper.cfbundle; includeInIndex = 0; path = WMAlertControllerTests.xctest; sourceTree = BUILT_PRODUCTS_DIR; };
		7584A29F1FA7C03500A83812 /* Tests.swift */ = {isa = PBXFileReference; lastKnownFileType = sourcecode.swift; path = Tests.swift; sourceTree = "<group>"; };
		7584A2A11FA7C03500A83812 /* Info.plist */ = {isa = PBXFileReference; lastKnownFileType = text.plist.xml; path = Info.plist; sourceTree = "<group>"; };
		7584A2AB1FA7C16E00A83812 /* WMAlertController.swift */ = {isa = PBXFileReference; fileEncoding = 4; lastKnownFileType = sourcecode.swift; path = WMAlertController.swift; sourceTree = "<group>"; };
		7584A2AC1FA7C16E00A83812 /* WMAlertAction.swift */ = {isa = PBXFileReference; fileEncoding = 4; lastKnownFileType = sourcecode.swift; path = WMAlertAction.swift; sourceTree = "<group>"; };
		7584A2AD1FA7C16E00A83812 /* WMAlertStyle.swift */ = {isa = PBXFileReference; fileEncoding = 4; lastKnownFileType = sourcecode.swift; path = WMAlertStyle.swift; sourceTree = "<group>"; };
		7584A2AF1FA7C16E00A83812 /* WMAlertIconStyleKit.swift */ = {isa = PBXFileReference; fileEncoding = 4; lastKnownFileType = sourcecode.swift; path = WMAlertIconStyleKit.swift; sourceTree = "<group>"; };
		7584A2B51FA7C21500A83812 /* RoundView.swift */ = {isa = PBXFileReference; fileEncoding = 4; lastKnownFileType = sourcecode.swift; path = RoundView.swift; sourceTree = "<group>"; };
		7584A2B71FA7C25500A83812 /* StackedView.swift */ = {isa = PBXFileReference; fileEncoding = 4; lastKnownFileType = sourcecode.swift; path = StackedView.swift; sourceTree = "<group>"; };
		7584A2B91FA7C27900A83812 /* LoadingView.swift */ = {isa = PBXFileReference; fileEncoding = 4; lastKnownFileType = sourcecode.swift; path = LoadingView.swift; sourceTree = "<group>"; };
		7584A2BB1FA7C2A100A83812 /* LoadingView.xib */ = {isa = PBXFileReference; fileEncoding = 4; lastKnownFileType = file.xib; path = LoadingView.xib; sourceTree = "<group>"; };
		7584A2BD1FA7C31500A83812 /* UIView+Utils.swift */ = {isa = PBXFileReference; fileEncoding = 4; lastKnownFileType = sourcecode.swift; path = "UIView+Utils.swift"; sourceTree = "<group>"; };
		7584A2BF1FA7C39E00A83812 /* DesignableView.swift */ = {isa = PBXFileReference; fileEncoding = 4; lastKnownFileType = sourcecode.swift; path = DesignableView.swift; sourceTree = "<group>"; };
		7584A2C11FA7C3E200A83812 /* RoundButton.swift */ = {isa = PBXFileReference; fileEncoding = 4; lastKnownFileType = sourcecode.swift; path = RoundButton.swift; sourceTree = "<group>"; };
		7584A2C31FA7C41500A83812 /* Colors.swift */ = {isa = PBXFileReference; fileEncoding = 4; lastKnownFileType = sourcecode.swift; path = Colors.swift; sourceTree = "<group>"; };
		7584A2C51FA7C48E00A83812 /* Fonts.swift */ = {isa = PBXFileReference; fileEncoding = 4; lastKnownFileType = sourcecode.swift; path = Fonts.swift; sourceTree = "<group>"; };
		75A0E7681FAA6A8F004757B5 /* StackedViewTests.swift */ = {isa = PBXFileReference; lastKnownFileType = sourcecode.swift; path = StackedViewTests.swift; sourceTree = "<group>"; };
/* End PBXFileReference section */

/* Begin PBXFrameworksBuildPhase section */
		7584A28D1FA7C03400A83812 /* Frameworks */ = {
			isa = PBXFrameworksBuildPhase;
			buildActionMask = 2147483647;
			files = (
			);
			runOnlyForDeploymentPostprocessing = 0;
		};
		7584A2971FA7C03500A83812 /* Frameworks */ = {
			isa = PBXFrameworksBuildPhase;
			buildActionMask = 2147483647;
			files = (
				7584A29B1FA7C03500A83812 /* WMAlertController.framework in Frameworks */,
			);
			runOnlyForDeploymentPostprocessing = 0;
		};
/* End PBXFrameworksBuildPhase section */

/* Begin PBXGroup section */
		7584A2871FA7C03400A83812 = {
			isa = PBXGroup;
			children = (
				7584A2931FA7C03400A83812 /* Source */,
				7584A29E1FA7C03500A83812 /* Tests */,
				7584A2921FA7C03400A83812 /* Products */,
				7584A2951FA7C03400A83812 /* Info.plist */,
			);
			sourceTree = "<group>";
		};
		7584A2921FA7C03400A83812 /* Products */ = {
			isa = PBXGroup;
			children = (
				7584A2911FA7C03400A83812 /* WMAlertController.framework */,
				7584A29A1FA7C03500A83812 /* WMAlertControllerTests.xctest */,
			);
			name = Products;
			sourceTree = "<group>";
		};
		7584A2931FA7C03400A83812 /* Source */ = {
			isa = PBXGroup;
			children = (
				7584A2AC1FA7C16E00A83812 /* WMAlertAction.swift */,
				7584A2AF1FA7C16E00A83812 /* WMAlertIconStyleKit.swift */,
				7584A2AD1FA7C16E00A83812 /* WMAlertStyle.swift */,
				7584A2AB1FA7C16E00A83812 /* WMAlertController.swift */,
				7584A2B51FA7C21500A83812 /* RoundView.swift */,
				7584A2B71FA7C25500A83812 /* StackedView.swift */,
				7584A2B91FA7C27900A83812 /* LoadingView.swift */,
				7584A2BB1FA7C2A100A83812 /* LoadingView.xib */,
				7584A2BD1FA7C31500A83812 /* UIView+Utils.swift */,
				7584A2BF1FA7C39E00A83812 /* DesignableView.swift */,
				7584A2C11FA7C3E200A83812 /* RoundButton.swift */,
				7584A2C31FA7C41500A83812 /* Colors.swift */,
				7584A2C51FA7C48E00A83812 /* Fonts.swift */,
			);
			path = Source;
			sourceTree = "<group>";
		};
		7584A29E1FA7C03500A83812 /* Tests */ = {
			isa = PBXGroup;
			children = (
				75A0E7681FAA6A8F004757B5 /* StackedViewTests.swift */,
				7584A29F1FA7C03500A83812 /* Tests.swift */,
				7584A2A11FA7C03500A83812 /* Info.plist */,
			);
			path = Tests;
			sourceTree = "<group>";
		};
/* End PBXGroup section */

/* Begin PBXHeadersBuildPhase section */
		7584A28E1FA7C03400A83812 /* Headers */ = {
			isa = PBXHeadersBuildPhase;
			buildActionMask = 2147483647;
			files = (
			);
			runOnlyForDeploymentPostprocessing = 0;
		};
/* End PBXHeadersBuildPhase section */

/* Begin PBXNativeTarget section */
		7584A2901FA7C03400A83812 /* WMAlertController */ = {
			isa = PBXNativeTarget;
			buildConfigurationList = 7584A2A51FA7C03500A83812 /* Build configuration list for PBXNativeTarget "WMAlertController" */;
			buildPhases = (
				7584A28C1FA7C03400A83812 /* Sources */,
				7584A28D1FA7C03400A83812 /* Frameworks */,
				7584A28E1FA7C03400A83812 /* Headers */,
				7584A28F1FA7C03400A83812 /* Resources */,
			);
			buildRules = (
			);
			dependencies = (
			);
			name = WMAlertController;
			productName = WMAlertController;
			productReference = 7584A2911FA7C03400A83812 /* WMAlertController.framework */;
			productType = "com.apple.product-type.framework";
		};
		7584A2991FA7C03500A83812 /* WMAlertControllerTests */ = {
			isa = PBXNativeTarget;
			buildConfigurationList = 7584A2A81FA7C03500A83812 /* Build configuration list for PBXNativeTarget "WMAlertControllerTests" */;
			buildPhases = (
				7584A2961FA7C03500A83812 /* Sources */,
				7584A2971FA7C03500A83812 /* Frameworks */,
				7584A2981FA7C03500A83812 /* Resources */,
			);
			buildRules = (
			);
			dependencies = (
				7584A29D1FA7C03500A83812 /* PBXTargetDependency */,
			);
			name = WMAlertControllerTests;
			productName = WMAlertControllerTests;
			productReference = 7584A29A1FA7C03500A83812 /* WMAlertControllerTests.xctest */;
			productType = "com.apple.product-type.bundle.unit-test";
		};
/* End PBXNativeTarget section */

/* Begin PBXProject section */
		7584A2881FA7C03400A83812 /* Project object */ = {
			isa = PBXProject;
			attributes = {
				LastSwiftUpdateCheck = 0900;
				LastUpgradeCheck = 0940;
				ORGANIZATIONNAME = WorkMarket;
				TargetAttributes = {
					7584A2901FA7C03400A83812 = {
						CreatedOnToolsVersion = 9.0.1;
						LastSwiftMigration = 0940;
						ProvisioningStyle = Automatic;
					};
					7584A2991FA7C03500A83812 = {
						CreatedOnToolsVersion = 9.0.1;
						ProvisioningStyle = Automatic;
					};
				};
			};
			buildConfigurationList = 7584A28B1FA7C03400A83812 /* Build configuration list for PBXProject "WMAlertController" */;
			compatibilityVersion = "Xcode 8.0";
			developmentRegion = en;
			hasScannedForEncodings = 0;
			knownRegions = (
				en,
			);
			mainGroup = 7584A2871FA7C03400A83812;
			productRefGroup = 7584A2921FA7C03400A83812 /* Products */;
			projectDirPath = "";
			projectRoot = "";
			targets = (
				7584A2901FA7C03400A83812 /* WMAlertController */,
				7584A2991FA7C03500A83812 /* WMAlertControllerTests */,
			);
		};
/* End PBXProject section */

/* Begin PBXResourcesBuildPhase section */
		7584A28F1FA7C03400A83812 /* Resources */ = {
			isa = PBXResourcesBuildPhase;
			buildActionMask = 2147483647;
			files = (
				7584A2BC1FA7C2A100A83812 /* LoadingView.xib in Resources */,
			);
			runOnlyForDeploymentPostprocessing = 0;
		};
		7584A2981FA7C03500A83812 /* Resources */ = {
			isa = PBXResourcesBuildPhase;
			buildActionMask = 2147483647;
			files = (
			);
			runOnlyForDeploymentPostprocessing = 0;
		};
/* End PBXResourcesBuildPhase section */

/* Begin PBXSourcesBuildPhase section */
		7584A28C1FA7C03400A83812 /* Sources */ = {
			isa = PBXSourcesBuildPhase;
			buildActionMask = 2147483647;
			files = (
				7584A2B81FA7C25500A83812 /* StackedView.swift in Sources */,
				7584A2C41FA7C41500A83812 /* Colors.swift in Sources */,
				7584A2B11FA7C16E00A83812 /* WMAlertAction.swift in Sources */,
				7584A2BE1FA7C31500A83812 /* UIView+Utils.swift in Sources */,
				7584A2C61FA7C48E00A83812 /* Fonts.swift in Sources */,
				7584A2B01FA7C16E00A83812 /* WMAlertController.swift in Sources */,
				7584A2B41FA7C16E00A83812 /* WMAlertIconStyleKit.swift in Sources */,
				7584A2B21FA7C16E00A83812 /* WMAlertStyle.swift in Sources */,
				7584A2C21FA7C3E200A83812 /* RoundButton.swift in Sources */,
				7584A2BA1FA7C27A00A83812 /* LoadingView.swift in Sources */,
				7584A2B61FA7C21500A83812 /* RoundView.swift in Sources */,
				7584A2C01FA7C39F00A83812 /* DesignableView.swift in Sources */,
			);
			runOnlyForDeploymentPostprocessing = 0;
		};
		7584A2961FA7C03500A83812 /* Sources */ = {
			isa = PBXSourcesBuildPhase;
			buildActionMask = 2147483647;
			files = (
				75A0E7691FAA6A8F004757B5 /* StackedViewTests.swift in Sources */,
				7584A2A01FA7C03500A83812 /* Tests.swift in Sources */,
			);
			runOnlyForDeploymentPostprocessing = 0;
		};
/* End PBXSourcesBuildPhase section */

/* Begin PBXTargetDependency section */
		7584A29D1FA7C03500A83812 /* PBXTargetDependency */ = {
			isa = PBXTargetDependency;
			target = 7584A2901FA7C03400A83812 /* WMAlertController */;
			targetProxy = 7584A29C1FA7C03500A83812 /* PBXContainerItemProxy */;
		};
/* End PBXTargetDependency section */

/* Begin XCBuildConfiguration section */
		7584A2A31FA7C03500A83812 /* Debug */ = {
			isa = XCBuildConfiguration;
			buildSettings = {
				ALWAYS_SEARCH_USER_PATHS = NO;
				CLANG_ANALYZER_NONNULL = YES;
				CLANG_ANALYZER_NUMBER_OBJECT_CONVERSION = YES_AGGRESSIVE;
				CLANG_CXX_LANGUAGE_STANDARD = "gnu++14";
				CLANG_CXX_LIBRARY = "libc++";
				CLANG_ENABLE_MODULES = YES;
				CLANG_ENABLE_OBJC_ARC = YES;
				CLANG_WARN_BLOCK_CAPTURE_AUTORELEASING = YES;
				CLANG_WARN_BOOL_CONVERSION = YES;
				CLANG_WARN_COMMA = YES;
				CLANG_WARN_CONSTANT_CONVERSION = YES;
				CLANG_WARN_DEPRECATED_OBJC_IMPLEMENTATIONS = YES;
				CLANG_WARN_DIRECT_OBJC_ISA_USAGE = YES_ERROR;
				CLANG_WARN_DOCUMENTATION_COMMENTS = YES;
				CLANG_WARN_EMPTY_BODY = YES;
				CLANG_WARN_ENUM_CONVERSION = YES;
				CLANG_WARN_INFINITE_RECURSION = YES;
				CLANG_WARN_INT_CONVERSION = YES;
				CLANG_WARN_NON_LITERAL_NULL_CONVERSION = YES;
				CLANG_WARN_OBJC_IMPLICIT_RETAIN_SELF = YES;
				CLANG_WARN_OBJC_LITERAL_CONVERSION = YES;
				CLANG_WARN_OBJC_ROOT_CLASS = YES_ERROR;
				CLANG_WARN_RANGE_LOOP_ANALYSIS = YES;
				CLANG_WARN_STRICT_PROTOTYPES = YES;
				CLANG_WARN_SUSPICIOUS_MOVE = YES;
				CLANG_WARN_UNGUARDED_AVAILABILITY = YES_AGGRESSIVE;
				CLANG_WARN_UNREACHABLE_CODE = YES;
				CLANG_WARN__DUPLICATE_METHOD_MATCH = YES;
				CODE_SIGN_IDENTITY = "iPhone Developer";
				COPY_PHASE_STRIP = NO;
				CURRENT_PROJECT_VERSION = 1;
				DEBUG_INFORMATION_FORMAT = dwarf;
				ENABLE_STRICT_OBJC_MSGSEND = YES;
				ENABLE_TESTABILITY = YES;
				GCC_C_LANGUAGE_STANDARD = gnu11;
				GCC_DYNAMIC_NO_PIC = NO;
				GCC_NO_COMMON_BLOCKS = YES;
				GCC_OPTIMIZATION_LEVEL = 0;
				GCC_PREPROCESSOR_DEFINITIONS = (
					"DEBUG=1",
					"$(inherited)",
				);
				GCC_WARN_64_TO_32_BIT_CONVERSION = YES;
				GCC_WARN_ABOUT_RETURN_TYPE = YES_ERROR;
				GCC_WARN_UNDECLARED_SELECTOR = YES;
				GCC_WARN_UNINITIALIZED_AUTOS = YES_AGGRESSIVE;
				GCC_WARN_UNUSED_FUNCTION = YES;
				GCC_WARN_UNUSED_VARIABLE = YES;
				IPHONEOS_DEPLOYMENT_TARGET = 9.0;
				MTL_ENABLE_DEBUG_INFO = YES;
				ONLY_ACTIVE_ARCH = YES;
				SDKROOT = iphoneos;
				SWIFT_ACTIVE_COMPILATION_CONDITIONS = DEBUG;
				SWIFT_OPTIMIZATION_LEVEL = "-Onone";
				VERSIONING_SYSTEM = "apple-generic";
				VERSION_INFO_PREFIX = "";
			};
			name = Debug;
		};
		7584A2A41FA7C03500A83812 /* Release */ = {
			isa = XCBuildConfiguration;
			buildSettings = {
				ALWAYS_SEARCH_USER_PATHS = NO;
				CLANG_ANALYZER_NONNULL = YES;
				CLANG_ANALYZER_NUMBER_OBJECT_CONVERSION = YES_AGGRESSIVE;
				CLANG_CXX_LANGUAGE_STANDARD = "gnu++14";
				CLANG_CXX_LIBRARY = "libc++";
				CLANG_ENABLE_MODULES = YES;
				CLANG_ENABLE_OBJC_ARC = YES;
				CLANG_WARN_BLOCK_CAPTURE_AUTORELEASING = YES;
				CLANG_WARN_BOOL_CONVERSION = YES;
				CLANG_WARN_COMMA = YES;
				CLANG_WARN_CONSTANT_CONVERSION = YES;
				CLANG_WARN_DEPRECATED_OBJC_IMPLEMENTATIONS = YES;
				CLANG_WARN_DIRECT_OBJC_ISA_USAGE = YES_ERROR;
				CLANG_WARN_DOCUMENTATION_COMMENTS = YES;
				CLANG_WARN_EMPTY_BODY = YES;
				CLANG_WARN_ENUM_CONVERSION = YES;
				CLANG_WARN_INFINITE_RECURSION = YES;
				CLANG_WARN_INT_CONVERSION = YES;
				CLANG_WARN_NON_LITERAL_NULL_CONVERSION = YES;
				CLANG_WARN_OBJC_IMPLICIT_RETAIN_SELF = YES;
				CLANG_WARN_OBJC_LITERAL_CONVERSION = YES;
				CLANG_WARN_OBJC_ROOT_CLASS = YES_ERROR;
				CLANG_WARN_RANGE_LOOP_ANALYSIS = YES;
				CLANG_WARN_STRICT_PROTOTYPES = YES;
				CLANG_WARN_SUSPICIOUS_MOVE = YES;
				CLANG_WARN_UNGUARDED_AVAILABILITY = YES_AGGRESSIVE;
				CLANG_WARN_UNREACHABLE_CODE = YES;
				CLANG_WARN__DUPLICATE_METHOD_MATCH = YES;
				CODE_SIGN_IDENTITY = "iPhone Developer";
				COPY_PHASE_STRIP = NO;
				CURRENT_PROJECT_VERSION = 1;
				DEBUG_INFORMATION_FORMAT = "dwarf-with-dsym";
				ENABLE_NS_ASSERTIONS = NO;
				ENABLE_STRICT_OBJC_MSGSEND = YES;
				GCC_C_LANGUAGE_STANDARD = gnu11;
				GCC_NO_COMMON_BLOCKS = YES;
				GCC_WARN_64_TO_32_BIT_CONVERSION = YES;
				GCC_WARN_ABOUT_RETURN_TYPE = YES_ERROR;
				GCC_WARN_UNDECLARED_SELECTOR = YES;
				GCC_WARN_UNINITIALIZED_AUTOS = YES_AGGRESSIVE;
				GCC_WARN_UNUSED_FUNCTION = YES;
				GCC_WARN_UNUSED_VARIABLE = YES;
				IPHONEOS_DEPLOYMENT_TARGET = 9.0;
				MTL_ENABLE_DEBUG_INFO = NO;
				SDKROOT = iphoneos;
				SWIFT_OPTIMIZATION_LEVEL = "-Owholemodule";
				VALIDATE_PRODUCT = YES;
				VERSIONING_SYSTEM = "apple-generic";
				VERSION_INFO_PREFIX = "";
			};
			name = Release;
		};
		7584A2A61FA7C03500A83812 /* Debug */ = {
			isa = XCBuildConfiguration;
			buildSettings = {
				CLANG_ENABLE_MODULES = YES;
				CODE_SIGN_IDENTITY = "";
				CODE_SIGN_STYLE = Automatic;
				DEFINES_MODULE = YES;
				DEVELOPMENT_TEAM = D6DLDFH765;
				DYLIB_COMPATIBILITY_VERSION = 1;
				DYLIB_CURRENT_VERSION = 1;
				DYLIB_INSTALL_NAME_BASE = "@rpath";
				INFOPLIST_FILE = Info.plist;
				INSTALL_PATH = "$(LOCAL_LIBRARY_DIR)/Frameworks";
				LD_RUNPATH_SEARCH_PATHS = "$(inherited) @executable_path/Frameworks @loader_path/Frameworks";
				PRODUCT_BUNDLE_IDENTIFIER = com.workmarket.WMAlertController;
				PRODUCT_NAME = "$(TARGET_NAME:c99extidentifier)";
				SKIP_INSTALL = YES;
				SWIFT_OPTIMIZATION_LEVEL = "-Onone";
				SWIFT_SWIFT3_OBJC_INFERENCE = Default;
				SWIFT_VERSION = 4.0;
				TARGETED_DEVICE_FAMILY = "1,2";
			};
			name = Debug;
		};
		7584A2A71FA7C03500A83812 /* Release */ = {
			isa = XCBuildConfiguration;
			buildSettings = {
				CLANG_ENABLE_MODULES = YES;
				CODE_SIGN_IDENTITY = "";
				CODE_SIGN_STYLE = Automatic;
				DEFINES_MODULE = YES;
				DEVELOPMENT_TEAM = D6DLDFH765;
				DYLIB_COMPATIBILITY_VERSION = 1;
				DYLIB_CURRENT_VERSION = 1;
				DYLIB_INSTALL_NAME_BASE = "@rpath";
				INFOPLIST_FILE = Info.plist;
				INSTALL_PATH = "$(LOCAL_LIBRARY_DIR)/Frameworks";
				LD_RUNPATH_SEARCH_PATHS = "$(inherited) @executable_path/Frameworks @loader_path/Frameworks";
				PRODUCT_BUNDLE_IDENTIFIER = com.workmarket.WMAlertController;
				PRODUCT_NAME = "$(TARGET_NAME:c99extidentifier)";
				SKIP_INSTALL = YES;
				SWIFT_SWIFT3_OBJC_INFERENCE = Default;
				SWIFT_VERSION = 4.0;
				TARGETED_DEVICE_FAMILY = "1,2";
			};
			name = Release;
		};
		7584A2A91FA7C03500A83812 /* Debug */ = {
			isa = XCBuildConfiguration;
			buildSettings = {
				ALWAYS_EMBED_SWIFT_STANDARD_LIBRARIES = YES;
				CODE_SIGN_STYLE = Automatic;
				DEVELOPMENT_TEAM = D6DLDFH765;
				INFOPLIST_FILE = Tests/Info.plist;
				LD_RUNPATH_SEARCH_PATHS = "$(inherited) @executable_path/Frameworks @loader_path/Frameworks";
				PRODUCT_BUNDLE_IDENTIFIER = com.workmarket.WMAlertControllerTests;
				PRODUCT_NAME = "$(TARGET_NAME)";
				SWIFT_VERSION = 4.0;
				TARGETED_DEVICE_FAMILY = "1,2";
			};
			name = Debug;
		};
		7584A2AA1FA7C03500A83812 /* Release */ = {
			isa = XCBuildConfiguration;
			buildSettings = {
				ALWAYS_EMBED_SWIFT_STANDARD_LIBRARIES = YES;
				CODE_SIGN_STYLE = Automatic;
				DEVELOPMENT_TEAM = D6DLDFH765;
				INFOPLIST_FILE = Tests/Info.plist;
				LD_RUNPATH_SEARCH_PATHS = "$(inherited) @executable_path/Frameworks @loader_path/Frameworks";
				PRODUCT_BUNDLE_IDENTIFIER = com.workmarket.WMAlertControllerTests;
				PRODUCT_NAME = "$(TARGET_NAME)";
				SWIFT_VERSION = 4.0;
				TARGETED_DEVICE_FAMILY = "1,2";
			};
			name = Release;
		};
/* End XCBuildConfiguration section */

/* Begin XCConfigurationList section */
		7584A28B1FA7C03400A83812 /* Build configuration list for PBXProject "WMAlertController" */ = {
			isa = XCConfigurationList;
			buildConfigurations = (
				7584A2A31FA7C03500A83812 /* Debug */,
				7584A2A41FA7C03500A83812 /* Release */,
			);
			defaultConfigurationIsVisible = 0;
			defaultConfigurationName = Release;
		};
		7584A2A51FA7C03500A83812 /* Build configuration list for PBXNativeTarget "WMAlertController" */ = {
			isa = XCConfigurationList;
			buildConfigurations = (
				7584A2A61FA7C03500A83812 /* Debug */,
				7584A2A71FA7C03500A83812 /* Release */,
			);
			defaultConfigurationIsVisible = 0;
			defaultConfigurationName = Release;
		};
		7584A2A81FA7C03500A83812 /* Build configuration list for PBXNativeTarget "WMAlertControllerTests" */ = {
			isa = XCConfigurationList;
			buildConfigurations = (
				7584A2A91FA7C03500A83812 /* Debug */,
				7584A2AA1FA7C03500A83812 /* Release */,
			);
			defaultConfigurationIsVisible = 0;
			defaultConfigurationName = Release;
		};
/* End XCConfigurationList section */
	};
	rootObject = 7584A2881FA7C03400A83812 /* Project object */;
}
